
Microsoft Visual Studio Solution File, Format Version 11.00
# Visual Studio 2010
Project("{FAE04EC0-301F-11D3-BF4B-00C04F79EFBC}") = "NASA project 2", "Assembly-CSharp.csproj", "{2A377CC7-85B7-C9B5-8769-A9DC989B4CE8}"
EndProject
Project("{FAE04EC0-301F-11D3-BF4B-00C04F79EFBC}") = "NASA project 2", "Assembly-CSharp-Editor.csproj", "{69A02DB0-74A3-D23D-D4D4-375575C06DE0}"
EndProject
Global
	GlobalSection(SolutionConfigurationPlatforms) = preSolution
		Debug|Any CPU = Debug|Any CPU
		Release|Any CPU = Release|Any CPU
	EndGlobalSection
	GlobalSection(ProjectConfigurationPlatforms) = postSolution
		{2A377CC7-85B7-C9B5-8769-A9DC989B4CE8}.Debug|Any CPU.ActiveCfg = Debug|Any CPU
		{2A377CC7-85B7-C9B5-8769-A9DC989B4CE8}.Debug|Any CPU.Build.0 = Debug|Any CPU
		{2A377CC7-85B7-C9B5-8769-A9DC989B4CE8}.Release|Any CPU.ActiveCfg = Release|Any CPU
		{2A377CC7-85B7-C9B5-8769-A9DC989B4CE8}.Release|Any CPU.Build.0 = Release|Any CPU
		{69A02DB0-74A3-D23D-D4D4-375575C06DE0}.Debug|Any CPU.ActiveCfg = Debug|Any CPU
		{69A02DB0-74A3-D23D-D4D4-375575C06DE0}.Debug|Any CPU.Build.0 = Debug|Any CPU
		{69A02DB0-74A3-D23D-D4D4-375575C06DE0}.Release|Any CPU.ActiveCfg = Release|Any CPU
		{69A02DB0-74A3-D23D-D4D4-375575C06DE0}.Release|Any CPU.Build.0 = Release|Any CPU
	EndGlobalSection
	GlobalSection(SolutionProperties) = preSolution
		HideSolutionNode = FALSE
	EndGlobalSection
	GlobalSection(MonoDevelopProperties) = preSolution
		StartupItem = Assembly-CSharp.csproj
	EndGlobalSection
EndGlobal
